{
	"name": "@berty/bridge",
	"version": "0.0.1",
	"lockfileVersion": 1,
	"requires": true,
	"dependencies": {
		"@improbable-eng/grpc-web": {
			"version": "0.9.6",
			"resolved": "https://registry.npmjs.org/@improbable-eng/grpc-web/-/grpc-web-0.9.6.tgz",
			"integrity": "sha512-Qs4++T+UvFmrgELd70VX9WbqiP22rk+a28fiwmerrCfrb2gt+mYAqO5xa5GxvHnL+geXcCbgZOeVWxQXrvXB4Q==",
			"requires": {
				"browser-headers": "^0.4.0"
			}
		},
		"browser-headers": {
			"version": "0.4.1",
			"resolved": "https://registry.npmjs.org/browser-headers/-/browser-headers-0.4.1.tgz",
			"integrity": "sha512-CA9hsySZVo9371qEHjHZtYxV2cFtVj5Wj/ZHi8ooEsrtm4vOnl9Y9HmyYWk9q+05d7K3rdoAE0j3MVEFVvtQtg=="
		}
	}
}
