github.com/ElementumOrg/libtorrent-go v0.0.0-20190211181940-14400c7b6d0d h1:ncyoal7Z0HmnJAHl5Jtnb5o2I0HBC4a/LEfX/d6Bigs=
github.com/ElementumOrg/libtorrent-go v0.0.0-20190211181940-14400c7b6d0d/go.mod h1:PbROC8yEEvcx4pMteIGNl2gJ94SYq5PtvTSYCZ9n+BM=
github.com/elliotchance/c2go v0.25.9 h1:Ju0Kpvhmqw0yJzaf+rsOnno07C/GeFEqSc5hYGip7/U=
github.com/elliotchance/c2go v0.25.9/go.mod h1:+YFuwnXljn61f5sFHSZ66eH9KTjzzSU6QG1sZdg1l7s=
github.com/fsnotify/fsnotify v1.4.7/go.mod h1:jwhsz4b93w/PPRr/qN1Yymfu8t87LnFCMoQvtojpjFo=
github.com/go-stack/stack v1.8.0/go.mod h1:v0f6uXyyMGvRgIKkXu+yp6POWl0qKG85gN/melR3HDY=
github.com/gorilla/websocket v1.4.0/go.mod h1:E7qHFY5m1UJ88s3WnNqhKjPHQ0heANvMoAMk2YaljkQ=
github.com/jtolds/gls v4.2.1+incompatible h1:fSuqC+Gmlu6l/ZYAoZzx2pyucC8Xza35fpRVWLVmUEE=
github.com/jtolds/gls v4.2.1+incompatible/go.mod h1:QJZ7F/aHp+rZTRtaJ1ow/lLfFfVYBRgL+9YlvaHOwJU=
github.com/matrix-org/gomatrix v0.0.0-20190130130140-385f072fe9af h1:piaIBNQGIHnni27xRB7VKkEwoWCgAmeuYf8pxAyG0bI=
github.com/matrix-org/gomatrix v0.0.0-20190130130140-385f072fe9af/go.mod h1:3fxX6gUjWyI/2Bt7J1OLhpCzOfO/bB3AiX0cJtEKud0=
github.com/mattn/go-colorable v0.0.9/go.mod h1:9vuHe8Xs5qXnSaW/c/ABM9alt+Vo+STaOChaDxuIBZU=
github.com/mattn/go-isatty v0.0.4/go.mod h1:M+lRXTBqGeGNdLjl/ufCoiOlB5xdOkqRJdNxMWT7Zi4=
github.com/pkg/errors v0.8.0/go.mod h1:bwawxfHBFNV+L2hUp1rHADufV3IMtnDRdf1r5NINEl0=
github.com/russross/blackfriday/v2 v2.0.1/go.mod h1:+Rmxgy9KzJVeS9/2gXHxylqXiyQDYRxCVz55jmeOWTM=
github.com/saibing/bingo v1.1.0/go.mod h1:kPUuE8jwIRE8KldxfQN6kzUxAZRo1pzuXU/EBbQR5NU=
github.com/savoirfairelinux/opendht v0.0.0-20190122155627-769ce45740a3 h1:JxaOPO8iA5YvXzCQKyWqrpTrA4TecriB3RbHzDmDzfs=
github.com/slimsag/godocmd v0.0.0-20161025000126-a1005ad29fe3/go.mod h1:AIBPxLCkKUFc2ZkjCXzs/Kk9OUhQLw/Zicdd0Rhqz2U=
github.com/smartystreets/assertions v0.0.0-20190116191733-b6c0e53d7304 h1:Jpy1PXuP99tXNrhbq2BaPz9B+jNAvH1JPQQpG/9GCXY=
github.com/smartystreets/assertions v0.0.0-20190116191733-b6c0e53d7304/go.mod h1:OnSkiWE9lh6wB0YB77sQom3nweQdgAjqCqsofrRNTgc=
github.com/smartystreets/goconvey v0.0.0-20181108003508-044398e4856c h1:Ho+uVpkel/udgjbwB5Lktg9BtvJSh2DT0Hi6LPSyI2w=
github.com/smartystreets/goconvey v0.0.0-20181108003508-044398e4856c/go.mod h1:XDJAKZRPZ1CvBcN2aX5YOUTYGHki24fSF0Iv48Ibg0s=
github.com/sourcegraph/go-lsp v0.0.0-20181119182933-0c7d621186c1/go.mod h1:tpps84QRlOVVLYk5QpKYX8Tr289D1v/UTWDLqeguiqM=
github.com/sourcegraph/jsonrpc2 v0.0.0-20180831160525-549eb959f029/go.mod h1:eESpbCslcLDs8j2D7IEdGVgul7xuk9odqDTaor30IUU=
go.uber.org/atomic v1.3.2/go.mod h1:gD2HeocX3+yG+ygLZcrzQJaqmWj9AIm7n08wl/qW/PE=
go.uber.org/multierr v1.1.0/go.mod h1:wR5kodmAFQ0UK8QlbwjlSNy0Z68gJhDJUG5sjR94q/0=
go.uber.org/zap v1.9.1/go.mod h1:vwi/ZaCAaUcBkycHslxD9B2zi4UTXhF60s6SWpuDF0Q=
golang.org/x/mobile v0.0.0-20190125201028-feefccb6c1c9 h1:guhfyRQZ6kHMDmc247p+xD6JPKdNknxn8CTyEYg59k8=
golang.org/x/mobile v0.0.0-20190125201028-feefccb6c1c9/go.mod h1:z+o9i4GpDbdi3rU15maQ/Ox0txvL9dWGYEHz965HBQE=
golang.org/x/net v0.0.0-20190110200230-915654e7eabc h1:Yx9JGxI1SBhVLFjpAkWMaO1TF+xyqtHLjZpvQboJGiM=
golang.org/x/net v0.0.0-20190110200230-915654e7eabc/go.mod h1:mL1N/T3taQHkDXs73rZJwtUhF3w3ftmwwsq0BUmARs4=
golang.org/x/sys v0.0.0-20181122145206-62eef0e2fa9b/go.mod h1:STP8DvDyc/dI5b8T5hshtkjS+E42TnysNCUPdjciGhY=
golang.org/x/tools v0.0.0-20181109182537-4e34152f1676/go.mod h1:n7NCudcB/nEzxVGmLbDWY5pfWTLqBcC2KZ6jyYvM4mQ=
golang.org/x/tools v0.0.0-20181122213734-04b5d21e00f1/go.mod h1:n7NCudcB/nEzxVGmLbDWY5pfWTLqBcC2KZ6jyYvM4mQ=
golang.org/x/tools v0.0.0-20190124004107-78ee07aa9465/go.mod h1:n7NCudcB/nEzxVGmLbDWY5pfWTLqBcC2KZ6jyYvM4mQ=
golang.org/x/tools v0.0.0-20190213162912-dbb4d4be5353 h1:6Iq7DQK7Eb8GStEVskXvcLbVnT0Z4NFq6wh/H5A9Ahg=
golang.org/x/tools v0.0.0-20190213162912-dbb4d4be5353/go.mod h1:n7NCudcB/nEzxVGmLbDWY5pfWTLqBcC2KZ6jyYvM4mQ=
gopkg.in/inconshreveable/log15.v2 v2.0.0-20180818164646-67afb5ed74ec/go.mod h1:aPpfJ7XW+gOuirDoZ8gHhLh3kZ1B08FtV2bbmy7Jv3s=
maunium.net/go/mautrix v0.1.0-alpha.3 h1:kBz7M63hRetQnAnYK+gVmuSxsmZesX6xERphVgEn324=
maunium.net/go/mautrix v0.1.0-alpha.3/go.mod h1:GTVu6WDHR+98DKOrYetWsXorvUeKQV3jsSWO6ScbuFI=
