{
	"name": "@berty-tech/shared-storybook",
	"version": "0.0.0",
	"lockfileVersion": 1,
	"requires": true,
	"dependencies": {
		"@eva-design/dss": {
			"version": "1.0.1",
			"resolved": "https://registry.npmjs.org/@eva-design/dss/-/dss-1.0.1.tgz",
			"integrity": "sha512-RSwSjZzirB8izDhDKod9kwinoB7p/Gq8JyMZeEGfHVZJH0DqmahdI2tNLQPd8igPgpP0AkHS4YFGVV1mF34RzQ=="
		},
		"@eva-design/processor": {
			"version": "1.0.1",
			"resolved": "https://registry.npmjs.org/@eva-design/processor/-/processor-1.0.1.tgz",
			"integrity": "sha512-/eoR5QnqeR4eKE90jCnOABOtHsyhrpfKe34GYKe2P+GfiJhByz597QDqkG0oCUHJJud9TtauO6fNJnG+UXDEKg=="
		},
		"hoist-non-react-statics": {
			"version": "3.3.0",
			"resolved": "https://registry.npmjs.org/hoist-non-react-statics/-/hoist-non-react-statics-3.3.0.tgz",
			"integrity": "sha512-0XsbTXxgiaCDYDIWFcwkmerZPSwywfUqYmwT4jzewKTQSWoE6FCMoUVOeBJWK3E/CrWbxRG3m5GzY4lnIwGRBA==",
			"requires": {
				"react-is": "^16.7.0"
			}
		},
		"lodash": {
			"version": "4.17.15",
			"resolved": "https://registry.npmjs.org/lodash/-/lodash-4.17.15.tgz",
			"integrity": "sha512-8xOcRHvCjnocdS5cpwXQXVzmmh5e5+saE2QGoeQmbKmRS6J3VQppPOIt0MnmE+4xlZoumy0GPG0D0MVIQbNA1A=="
		},
		"lodash.merge": {
			"version": "4.6.2",
			"resolved": "https://registry.npmjs.org/lodash.merge/-/lodash.merge-4.6.2.tgz",
			"integrity": "sha512-0KpjqXRVvrYyCsX1swR/XTK0va6VQkQM6MNo7PqW77ByjAhoARA8EfrP1N4+KlKj8YS0ZUCtRT/YUuhyYDujIQ=="
		},
		"react-is": {
			"version": "16.9.0",
			"resolved": "https://registry.npmjs.org/react-is/-/react-is-16.9.0.tgz",
			"integrity": "sha512-tJBzzzIgnnRfEm046qRcURvwQnZVXmuCbscxUO5RWrGTXpon2d4c8mI0D8WE6ydVIm29JiLB6+RslkIvym9Rjw=="
		},
		"react-native-easy-grid": {
			"version": "0.2.2",
			"resolved": "https://registry.npmjs.org/react-native-easy-grid/-/react-native-easy-grid-0.2.2.tgz",
			"integrity": "sha512-MlYrNIldnEMKn6TVatQN1P64GoVlwGIuz+8ncdfJ0Wq/xtzUkQwlil8Uksyp7MhKfENE09MQnGNcba6Mx3oSAA==",
			"requires": {
				"lodash": "^4.17.15"
			}
		},
		"react-native-ui-kitten": {
			"version": "4.1.1",
			"resolved": "https://registry.npmjs.org/react-native-ui-kitten/-/react-native-ui-kitten-4.1.1.tgz",
			"integrity": "sha512-1CKfzZJrSmAQ8wMAq0YT6CjiBT1RMm13rhVP0BS1QcsE6fZXkwknZ3WkrBb58vhFMwnJ/q1AW6wZmIVtj5JYdA==",
			"requires": {
				"@eva-design/dss": "^1.0.1",
				"@eva-design/processor": "^1.0.1",
				"hoist-non-react-statics": "^3.2.1",
				"lodash.merge": "^4.6.1"
			}
		}
	}
}
