{
	"name": "@berty-tech/berty-storybook",
	"version": "0.0.0",
	"lockfileVersion": 1,
	"requires": true,
	"dependencies": {
		"@eva-design/dss": {
			"version": "1.0.1",
			"resolved": "https://registry.npmjs.org/@eva-design/dss/-/dss-1.0.1.tgz",
			"integrity": "sha512-RSwSjZzirB8izDhDKod9kwinoB7p/Gq8JyMZeEGfHVZJH0DqmahdI2tNLQPd8igPgpP0AkHS4YFGVV1mF34RzQ==",
			"dev": true
		},
		"@eva-design/processor": {
			"version": "1.0.1",
			"resolved": "https://registry.npmjs.org/@eva-design/processor/-/processor-1.0.1.tgz",
			"integrity": "sha512-/eoR5QnqeR4eKE90jCnOABOtHsyhrpfKe34GYKe2P+GfiJhByz597QDqkG0oCUHJJud9TtauO6fNJnG+UXDEKg==",
			"dev": true
		},
		"@types/prop-types": {
			"version": "15.7.3",
			"resolved": "https://registry.npmjs.org/@types/prop-types/-/prop-types-15.7.3.tgz",
			"integrity": "sha512-KfRL3PuHmqQLOG+2tGpRO26Ctg+Cq1E01D2DMriKEATHgWLfeNDmq9e29Q9WIky0dQ3NPkd1mzYH8Lm936Z9qw=="
		},
		"@types/react": {
			"version": "16.9.3",
			"resolved": "https://registry.npmjs.org/@types/react/-/react-16.9.3.tgz",
			"integrity": "sha512-Ogb2nSn+2qQv5opoCv7Ls5yFxtyrdUYxp5G+SWTrlGk7dmFKw331GiezCgEZj9U7QeXJi1CDtws9pdXU1zUL4g==",
			"requires": {
				"@types/prop-types": "*",
				"csstype": "^2.2.0"
			}
		},
		"@types/react-native": {
			"version": "0.60.17",
			"resolved": "https://registry.npmjs.org/@types/react-native/-/react-native-0.60.17.tgz",
			"integrity": "sha512-dvPdLYxrU74bU14GvGV+f1EMjyD6L2iDenEzDfUBWhxn7KKRgkWb289r2EIN+10XqvRP+H7YBgl+AoEHEfkcTA==",
			"requires": {
				"@types/prop-types": "*",
				"@types/react": "*"
			}
		},
		"@types/react-native-vector-icons": {
			"version": "6.4.2",
			"resolved": "https://registry.npmjs.org/@types/react-native-vector-icons/-/react-native-vector-icons-6.4.2.tgz",
			"integrity": "sha512-UljqnOw2gqbiT6sBWKQYjYWPfx5hgqmQOCSuus9IIF5ykPc15E66jLQ4pYgu3psc2Ik82G/ngpgo55cBa144Jg==",
			"requires": {
				"@types/react": "*",
				"@types/react-native": "*"
			}
		},
		"color": {
			"version": "3.1.2",
			"resolved": "https://registry.npmjs.org/color/-/color-3.1.2.tgz",
			"integrity": "sha512-vXTJhHebByxZn3lDvDJYw4lR5+uB3vuoHsuYA5AKuxRVn5wzzIfQKGLBmgdVRHKTJYeK5rvJcHnrd0Li49CFpg==",
			"requires": {
				"color-convert": "^1.9.1",
				"color-string": "^1.5.2"
			}
		},
		"color-convert": {
			"version": "1.9.3",
			"resolved": "https://registry.npmjs.org/color-convert/-/color-convert-1.9.3.tgz",
			"integrity": "sha512-QfAUtd+vFdAtFQcC8CCyYt1fYWxSqAiK2cSD6zDB8N3cpsEBAvRxp9zOGg6G/SHHJYAT88/az/IuDGALsNVbGg==",
			"requires": {
				"color-name": "1.1.3"
			}
		},
		"color-name": {
			"version": "1.1.3",
			"resolved": "https://registry.npmjs.org/color-name/-/color-name-1.1.3.tgz",
			"integrity": "sha1-p9BVi9icQveV3UIyj3QIMcpTvCU="
		},
		"color-string": {
			"version": "1.5.3",
			"resolved": "https://registry.npmjs.org/color-string/-/color-string-1.5.3.tgz",
			"integrity": "sha512-dC2C5qeWoYkxki5UAXapdjqO672AM4vZuPGRQfO8b5HKuKGBbKWpITyDYN7TOFKvRW7kOgAn3746clDBMDJyQw==",
			"requires": {
				"color-name": "^1.0.0",
				"simple-swizzle": "^0.2.2"
			}
		},
		"csstype": {
			"version": "2.6.6",
			"resolved": "https://registry.npmjs.org/csstype/-/csstype-2.6.6.tgz",
			"integrity": "sha512-RpFbQGUE74iyPgvr46U9t1xoQBM8T4BL8SxrN66Le2xYAPSaDJJKeztV3awugusb3g3G9iL8StmkBBXhcbbXhg=="
		},
		"deepmerge": {
			"version": "3.3.0",
			"resolved": "https://registry.npmjs.org/deepmerge/-/deepmerge-3.3.0.tgz",
			"integrity": "sha512-GRQOafGHwMHpjPx9iCvTgpu9NojZ49q794EEL94JVEw6VaeA8XTUyBKvAkOOjBX9oJNiV6G3P+T+tihFjo2TqA=="
		},
		"hoist-non-react-statics": {
			"version": "3.3.0",
			"resolved": "https://registry.npmjs.org/hoist-non-react-statics/-/hoist-non-react-statics-3.3.0.tgz",
			"integrity": "sha512-0XsbTXxgiaCDYDIWFcwkmerZPSwywfUqYmwT4jzewKTQSWoE6FCMoUVOeBJWK3E/CrWbxRG3m5GzY4lnIwGRBA==",
			"requires": {
				"react-is": "^16.7.0"
			}
		},
		"is-arrayish": {
			"version": "0.3.2",
			"resolved": "https://registry.npmjs.org/is-arrayish/-/is-arrayish-0.3.2.tgz",
			"integrity": "sha512-eVRqCvVlZbuw3GrM63ovNSNAeA1K16kaR/LRY/92w0zxQ5/1YzwblUX652i4Xs9RwAGjW9d9y6X88t8OaAJfWQ=="
		},
		"js-tokens": {
			"version": "4.0.0",
			"resolved": "https://registry.npmjs.org/js-tokens/-/js-tokens-4.0.0.tgz",
			"integrity": "sha512-RdJUflcE3cUzKiMqQgsCu06FPu9UdIJO0beYbPhHN4k6apgJtifcoCtT9bcxOpYBtpD2kCM6Sbzg4CausW/PKQ=="
		},
		"lodash": {
			"version": "4.17.15",
			"resolved": "https://registry.npmjs.org/lodash/-/lodash-4.17.15.tgz",
			"integrity": "sha512-8xOcRHvCjnocdS5cpwXQXVzmmh5e5+saE2QGoeQmbKmRS6J3VQppPOIt0MnmE+4xlZoumy0GPG0D0MVIQbNA1A=="
		},
		"lodash.merge": {
			"version": "4.6.2",
			"resolved": "https://registry.npmjs.org/lodash.merge/-/lodash.merge-4.6.2.tgz",
			"integrity": "sha512-0KpjqXRVvrYyCsX1swR/XTK0va6VQkQM6MNo7PqW77ByjAhoARA8EfrP1N4+KlKj8YS0ZUCtRT/YUuhyYDujIQ==",
			"dev": true
		},
		"loose-envify": {
			"version": "1.4.0",
			"resolved": "https://registry.npmjs.org/loose-envify/-/loose-envify-1.4.0.tgz",
			"integrity": "sha512-lyuxPGr/Wfhrlem2CL/UcnUc1zcqKAImBDzukY7Y5F/yQiNdko6+fRLevlw1HgMySw7f611UIY408EtxRSoK3Q==",
			"requires": {
				"js-tokens": "^3.0.0 || ^4.0.0"
			}
		},
		"object-assign": {
			"version": "4.1.1",
			"resolved": "https://registry.npmjs.org/object-assign/-/object-assign-4.1.1.tgz",
			"integrity": "sha1-IQmtx5ZYh8/AXLvUQsrIv7s2CGM="
		},
		"opencollective-postinstall": {
			"version": "2.0.2",
			"resolved": "https://registry.npmjs.org/opencollective-postinstall/-/opencollective-postinstall-2.0.2.tgz",
			"integrity": "sha512-pVOEP16TrAO2/fjej1IdOyupJY8KDUM1CvsaScRbw6oddvpQoOfGk4ywha0HKKVAD6RkW4x6Q+tNBwhf3Bgpuw=="
		},
		"prop-types": {
			"version": "15.7.2",
			"resolved": "https://registry.npmjs.org/prop-types/-/prop-types-15.7.2.tgz",
			"integrity": "sha512-8QQikdH7//R2vurIJSutZ1smHYTcLpRWEOlHnzcWHmBYrOGUysKwSsrC89BCiFj3CbrfJ/nXFdJepOVrY1GCHQ==",
			"requires": {
				"loose-envify": "^1.4.0",
				"object-assign": "^4.1.1",
				"react-is": "^16.8.1"
			}
		},
		"react-is": {
			"version": "16.9.0",
			"resolved": "https://registry.npmjs.org/react-is/-/react-is-16.9.0.tgz",
			"integrity": "sha512-tJBzzzIgnnRfEm046qRcURvwQnZVXmuCbscxUO5RWrGTXpon2d4c8mI0D8WE6ydVIm29JiLB6+RslkIvym9Rjw=="
		},
		"react-native-easy-grid": {
			"version": "0.2.2",
			"resolved": "https://registry.npmjs.org/react-native-easy-grid/-/react-native-easy-grid-0.2.2.tgz",
			"integrity": "sha512-MlYrNIldnEMKn6TVatQN1P64GoVlwGIuz+8ncdfJ0Wq/xtzUkQwlil8Uksyp7MhKfENE09MQnGNcba6Mx3oSAA==",
			"requires": {
				"lodash": "^4.17.15"
			}
		},
		"react-native-elements": {
			"version": "1.2.3",
			"resolved": "https://registry.npmjs.org/react-native-elements/-/react-native-elements-1.2.3.tgz",
			"integrity": "sha512-z7xwqSmLh5a4buW/zjAROTmn+4AanoWifP1VYs6cNh0AAguPKw7wp68TW2KyJykIsfugxzscGSAStl/l6NhNkA==",
			"requires": {
				"@types/react-native-vector-icons": "^6.4.1",
				"color": "^3.1.0",
				"deepmerge": "^3.1.0",
				"hoist-non-react-statics": "^3.1.0",
				"opencollective-postinstall": "^2.0.0",
				"prop-types": "^15.7.2",
				"react-native-ratings": "^6.3.0",
				"react-native-status-bar-height": "^2.2.0"
			}
		},
		"react-native-ratings": {
			"version": "6.5.0",
			"resolved": "https://registry.npmjs.org/react-native-ratings/-/react-native-ratings-6.5.0.tgz",
			"integrity": "sha512-YMcfQ7UQCmXGEc/WPlukHSHs5yvckTwjq5fTRk1FG8gaO7fZCNygEUGPuw4Dbvvp3IlsCUn0bOQd63RYsb7NDQ==",
			"requires": {
				"lodash": "^4.17.4",
				"prop-types": "^15.5.10"
			}
		},
		"react-native-status-bar-height": {
			"version": "2.4.0",
			"resolved": "https://registry.npmjs.org/react-native-status-bar-height/-/react-native-status-bar-height-2.4.0.tgz",
			"integrity": "sha512-pWvZFlyIHiuxLugLioq97vXiaGSovFXEyxt76wQtbq0gxv4dGXMPqYow46UmpwOgeJpBhqL1E0EKxnfJRrFz5w=="
		},
		"react-native-swiper": {
			"version": "1.6.0-rc.1",
			"resolved": "https://registry.npmjs.org/react-native-swiper/-/react-native-swiper-1.6.0-rc.1.tgz",
			"integrity": "sha512-qf9fCsWOqQSnlboddz/ezl2Sl1CcOtkQoX6boEFkns2q9pocHypBfL2nCjC9B7ttRlwv3kEsUDTiBhzKcnqnTw==",
			"requires": {
				"prop-types": "^15.5.10"
			}
		},
		"react-native-ui-kitten": {
			"version": "4.1.1",
			"resolved": "https://registry.npmjs.org/react-native-ui-kitten/-/react-native-ui-kitten-4.1.1.tgz",
			"integrity": "sha512-1CKfzZJrSmAQ8wMAq0YT6CjiBT1RMm13rhVP0BS1QcsE6fZXkwknZ3WkrBb58vhFMwnJ/q1AW6wZmIVtj5JYdA==",
			"dev": true,
			"requires": {
				"@eva-design/dss": "^1.0.1",
				"@eva-design/processor": "^1.0.1",
				"hoist-non-react-statics": "^3.2.1",
				"lodash.merge": "^4.6.1"
			}
		},
		"simple-swizzle": {
			"version": "0.2.2",
			"resolved": "https://registry.npmjs.org/simple-swizzle/-/simple-swizzle-0.2.2.tgz",
			"integrity": "sha1-pNprY1/8zMoz9w0Xy5JZLeleVXo=",
			"requires": {
				"is-arrayish": "^0.3.1"
			}
		}
	}
}
