PODS:
  - boost-for-react-native (1.63.0)
  - DoubleConversion (1.1.6)
  - EXApplication (4.0.2):
    - ExpoModulesCore
  - EXBarCodeScanner (11.2.1):
    - EXImageLoader
    - ExpoModulesCore
    - ZXingObjC/OneD
    - ZXingObjC/PDF417
  - EXCamera (12.1.2):
    - ExpoModulesCore
  - EXConstants (13.0.2):
    - ExpoModulesCore
  - EXErrorRecovery (3.0.5):
    - ExpoModulesCore
  - EXFileSystem (13.1.4):
    - ExpoModulesCore
  - EXFont (10.0.5):
    - ExpoModulesCore
  - EXImageLoader (3.1.1):
    - ExpoModulesCore
    - React-Core
  - EXKeepAwake (10.0.2):
    - ExpoModulesCore
  - EXMailComposer (11.1.1):
    - ExpoModulesCore
  - EXNetwork (4.1.1):
    - ExpoModulesCore
  - Expo (44.0.6):
    - ExpoModulesCore
  - ExpoModulesCore (0.6.5):
    - React-Core
    - ReactCommon/turbomodule/core
  - EXWebBrowser (10.1.1):
    - ExpoModulesCore
  - FBLazyVector (0.64.4)
  - FBReactNativeSpec (0.64.4):
    - RCT-Folly (= 2020.01.13.00)
    - RCTRequired (= 0.64.4)
    - RCTTypeSafety (= 0.64.4)
    - React-Core (= 0.64.4)
    - React-jsi (= 0.64.4)
    - ReactCommon/turbomodule/core (= 0.64.4)
  - glog (0.3.5)
  - lottie-ios (3.2.3)
  - lottie-react-native (4.1.3):
    - lottie-ios (~> 3.2.3)
    - React-Core
  - OpenSSL-Universal (3.3.2000)
  - Permission-BluetoothPeripheral (3.8.4):
    - RNPermissions
  - Permission-Camera (3.8.4):
    - RNPermissions
  - Permission-Contacts (3.8.4):
    - RNPermissions
  - Permission-Microphone (3.8.4):
    - RNPermissions
  - Permission-Notifications (3.8.4):
    - RNPermissions
  - Permission-PhotoLibrary (3.8.4):
    - RNPermissions
  - RCT-Folly (2020.01.13.00):
    - boost-for-react-native
    - DoubleConversion
    - glog
    - RCT-Folly/Default (= 2020.01.13.00)
  - RCT-Folly/Default (2020.01.13.00):
    - boost-for-react-native
    - DoubleConversion
    - glog
  - RCTRequired (0.64.4)
  - RCTTypeSafety (0.64.4):
    - FBLazyVector (= 0.64.4)
    - RCT-Folly (= 2020.01.13.00)
    - RCTRequired (= 0.64.4)
    - React-Core (= 0.64.4)
  - React (0.64.4):
    - React-Core (= 0.64.4)
    - React-Core/DevSupport (= 0.64.4)
    - React-Core/RCTWebSocket (= 0.64.4)
    - React-RCTActionSheet (= 0.64.4)
    - React-RCTAnimation (= 0.64.4)
    - React-RCTBlob (= 0.64.4)
    - React-RCTImage (= 0.64.4)
    - React-RCTLinking (= 0.64.4)
    - React-RCTNetwork (= 0.64.4)
    - React-RCTSettings (= 0.64.4)
    - React-RCTText (= 0.64.4)
    - React-RCTVibration (= 0.64.4)
  - React-callinvoker (0.64.4)
  - React-Core (0.64.4):
    - glog
    - RCT-Folly (= 2020.01.13.00)
    - React-Core/Default (= 0.64.4)
    - React-cxxreact (= 0.64.4)
    - React-jsi (= 0.64.4)
    - React-jsiexecutor (= 0.64.4)
    - React-perflogger (= 0.64.4)
    - Yoga
  - React-Core/CoreModulesHeaders (0.64.4):
    - glog
    - RCT-Folly (= 2020.01.13.00)
    - React-Core/Default
    - React-cxxreact (= 0.64.4)
    - React-jsi (= 0.64.4)
    - React-jsiexecutor (= 0.64.4)
    - React-perflogger (= 0.64.4)
    - Yoga
  - React-Core/Default (0.64.4):
    - glog
    - RCT-Folly (= 2020.01.13.00)
    - React-cxxreact (= 0.64.4)
    - React-jsi (= 0.64.4)
    - React-jsiexecutor (= 0.64.4)
    - React-perflogger (= 0.64.4)
    - Yoga
  - React-Core/DevSupport (0.64.4):
    - glog
    - RCT-Folly (= 2020.01.13.00)
    - React-Core/Default (= 0.64.4)
    - React-Core/RCTWebSocket (= 0.64.4)
    - React-cxxreact (= 0.64.4)
    - React-jsi (= 0.64.4)
    - React-jsiexecutor (= 0.64.4)
    - React-jsinspector (= 0.64.4)
    - React-perflogger (= 0.64.4)
    - Yoga
  - React-Core/RCTActionSheetHeaders (0.64.4):
    - glog
    - RCT-Folly (= 2020.01.13.00)
    - React-Core/Default
    - React-cxxreact (= 0.64.4)
    - React-jsi (= 0.64.4)
    - React-jsiexecutor (= 0.64.4)
    - React-perflogger (= 0.64.4)
    - Yoga
  - React-Core/RCTAnimationHeaders (0.64.4):
    - glog
    - RCT-Folly (= 2020.01.13.00)
    - React-Core/Default
    - React-cxxreact (= 0.64.4)
    - React-jsi (= 0.64.4)
    - React-jsiexecutor (= 0.64.4)
    - React-perflogger (= 0.64.4)
    - Yoga
  - React-Core/RCTBlobHeaders (0.64.4):
    - glog
    - RCT-Folly (= 2020.01.13.00)
    - React-Core/Default
    - React-cxxreact (= 0.64.4)
    - React-jsi (= 0.64.4)
    - React-jsiexecutor (= 0.64.4)
    - React-perflogger (= 0.64.4)
    - Yoga
  - React-Core/RCTImageHeaders (0.64.4):
    - glog
    - RCT-Folly (= 2020.01.13.00)
    - React-Core/Default
    - React-cxxreact (= 0.64.4)
    - React-jsi (= 0.64.4)
    - React-jsiexecutor (= 0.64.4)
    - React-perflogger (= 0.64.4)
    - Yoga
  - React-Core/RCTLinkingHeaders (0.64.4):
    - glog
    - RCT-Folly (= 2020.01.13.00)
    - React-Core/Default
    - React-cxxreact (= 0.64.4)
    - React-jsi (= 0.64.4)
    - React-jsiexecutor (= 0.64.4)
    - React-perflogger (= 0.64.4)
    - Yoga
  - React-Core/RCTNetworkHeaders (0.64.4):
    - glog
    - RCT-Folly (= 2020.01.13.00)
    - React-Core/Default
    - React-cxxreact (= 0.64.4)
    - React-jsi (= 0.64.4)
    - React-jsiexecutor (= 0.64.4)
    - React-perflogger (= 0.64.4)
    - Yoga
  - React-Core/RCTSettingsHeaders (0.64.4):
    - glog
    - RCT-Folly (= 2020.01.13.00)
    - React-Core/Default
    - React-cxxreact (= 0.64.4)
    - React-jsi (= 0.64.4)
    - React-jsiexecutor (= 0.64.4)
    - React-perflogger (= 0.64.4)
    - Yoga
  - React-Core/RCTTextHeaders (0.64.4):
    - glog
    - RCT-Folly (= 2020.01.13.00)
    - React-Core/Default
    - React-cxxreact (= 0.64.4)
    - React-jsi (= 0.64.4)
    - React-jsiexecutor (= 0.64.4)
    - React-perflogger (= 0.64.4)
    - Yoga
  - React-Core/RCTVibrationHeaders (0.64.4):
    - glog
    - RCT-Folly (= 2020.01.13.00)
    - React-Core/Default
    - React-cxxreact (= 0.64.4)
    - React-jsi (= 0.64.4)
    - React-jsiexecutor (= 0.64.4)
    - React-perflogger (= 0.64.4)
    - Yoga
  - React-Core/RCTWebSocket (0.64.4):
    - glog
    - RCT-Folly (= 2020.01.13.00)
    - React-Core/Default (= 0.64.4)
    - React-cxxreact (= 0.64.4)
    - React-jsi (= 0.64.4)
    - React-jsiexecutor (= 0.64.4)
    - React-perflogger (= 0.64.4)
    - Yoga
  - React-CoreModules (0.64.4):
    - FBReactNativeSpec (= 0.64.4)
    - RCT-Folly (= 2020.01.13.00)
    - RCTTypeSafety (= 0.64.4)
    - React-Core/CoreModulesHeaders (= 0.64.4)
    - React-jsi (= 0.64.4)
    - React-RCTImage (= 0.64.4)
    - ReactCommon/turbomodule/core (= 0.64.4)
  - React-cxxreact (0.64.4):
    - boost-for-react-native (= 1.63.0)
    - DoubleConversion
    - glog
    - RCT-Folly (= 2020.01.13.00)
    - React-callinvoker (= 0.64.4)
    - React-jsi (= 0.64.4)
    - React-jsinspector (= 0.64.4)
    - React-perflogger (= 0.64.4)
    - React-runtimeexecutor (= 0.64.4)
  - React-jsi (0.64.4):
    - boost-for-react-native (= 1.63.0)
    - DoubleConversion
    - glog
    - RCT-Folly (= 2020.01.13.00)
    - React-jsi/Default (= 0.64.4)
  - React-jsi/Default (0.64.4):
    - boost-for-react-native (= 1.63.0)
    - DoubleConversion
    - glog
    - RCT-Folly (= 2020.01.13.00)
  - React-jsiexecutor (0.64.4):
    - DoubleConversion
    - glog
    - RCT-Folly (= 2020.01.13.00)
    - React-cxxreact (= 0.64.4)
    - React-jsi (= 0.64.4)
    - React-perflogger (= 0.64.4)
  - React-jsinspector (0.64.4)
  - react-native-blur (4.4.1):
    - React-Core
  - react-native-cameraroll (4.1.2):
    - React-Core
  - react-native-document-picker (8.2.2):
    - React-Core
  - react-native-restart (0.0.22):
    - React-Core
  - react-native-safe-area-context (3.4.1):
    - React-Core
  - react-native-webview (11.14.3):
    - React-Core
  - React-perflogger (0.64.4)
  - React-RCTActionSheet (0.64.4):
    - React-Core/RCTActionSheetHeaders (= 0.64.4)
  - React-RCTAnimation (0.64.4):
    - FBReactNativeSpec (= 0.64.4)
    - RCT-Folly (= 2020.01.13.00)
    - RCTTypeSafety (= 0.64.4)
    - React-Core/RCTAnimationHeaders (= 0.64.4)
    - React-jsi (= 0.64.4)
    - ReactCommon/turbomodule/core (= 0.64.4)
  - React-RCTBlob (0.64.4):
    - FBReactNativeSpec (= 0.64.4)
    - RCT-Folly (= 2020.01.13.00)
    - React-Core/RCTBlobHeaders (= 0.64.4)
    - React-Core/RCTWebSocket (= 0.64.4)
    - React-jsi (= 0.64.4)
    - React-RCTNetwork (= 0.64.4)
    - ReactCommon/turbomodule/core (= 0.64.4)
  - React-RCTImage (0.64.4):
    - FBReactNativeSpec (= 0.64.4)
    - RCT-Folly (= 2020.01.13.00)
    - RCTTypeSafety (= 0.64.4)
    - React-Core/RCTImageHeaders (= 0.64.4)
    - React-jsi (= 0.64.4)
    - React-RCTNetwork (= 0.64.4)
    - ReactCommon/turbomodule/core (= 0.64.4)
  - React-RCTLinking (0.64.4):
    - FBReactNativeSpec (= 0.64.4)
    - React-Core/RCTLinkingHeaders (= 0.64.4)
    - React-jsi (= 0.64.4)
    - ReactCommon/turbomodule/core (= 0.64.4)
  - React-RCTNetwork (0.64.4):
    - FBReactNativeSpec (= 0.64.4)
    - RCT-Folly (= 2020.01.13.00)
    - RCTTypeSafety (= 0.64.4)
    - React-Core/RCTNetworkHeaders (= 0.64.4)
    - React-jsi (= 0.64.4)
    - ReactCommon/turbomodule/core (= 0.64.4)
  - React-RCTSettings (0.64.4):
    - FBReactNativeSpec (= 0.64.4)
    - RCT-Folly (= 2020.01.13.00)
    - RCTTypeSafety (= 0.64.4)
    - React-Core/RCTSettingsHeaders (= 0.64.4)
    - React-jsi (= 0.64.4)
    - ReactCommon/turbomodule/core (= 0.64.4)
  - React-RCTText (0.64.4):
    - React-Core/RCTTextHeaders (= 0.64.4)
  - React-RCTVibration (0.64.4):
    - FBReactNativeSpec (= 0.64.4)
    - RCT-Folly (= 2020.01.13.00)
    - React-Core/RCTVibrationHeaders (= 0.64.4)
    - React-jsi (= 0.64.4)
    - ReactCommon/turbomodule/core (= 0.64.4)
  - React-runtimeexecutor (0.64.4):
    - React-jsi (= 0.64.4)
  - ReactCommon/turbomodule/core (0.64.4):
    - DoubleConversion
    - glog
    - RCT-Folly (= 2020.01.13.00)
    - React-callinvoker (= 0.64.4)
    - React-Core (= 0.64.4)
    - React-cxxreact (= 0.64.4)
    - React-jsi (= 0.64.4)
    - React-perflogger (= 0.64.4)
  - ReactNativeAudioToolkit (2.0.3):
    - React
  - ReactNativeExceptionHandler (2.10.10):
    - React-Core
  - RNBootSplash (3.2.6):
    - React-Core
  - RNCAsyncStorage (1.17.11):
    - React-Core
  - RNCClipboard (1.9.0):
    - React-Core
  - RNFlashList (1.4.0):
    - React-Core
  - RNFS (2.18.0):
    - React
  - RNPermissions (3.8.4):
    - React-Core
  - RNScreens (3.9.0):
    - React-Core
    - React-RCTImage
  - RNShare (7.2.1):
    - React-Core
  - RNSVG (12.1.1):
    - React
  - RNVectorIcons (9.0.0):
    - React-Core
  - Yoga (1.14.0)
  - ZXingObjC/Core (3.6.5)
  - ZXingObjC/OneD (3.6.5):
    - ZXingObjC/Core
  - ZXingObjC/PDF417 (3.6.5):
    - ZXingObjC/Core

DEPENDENCIES:
  - DoubleConversion (from `../node_modules/react-native/third-party-podspecs/DoubleConversion.podspec`)
  - EXApplication (from `../node_modules/expo-application/ios`)
  - EXBarCodeScanner (from `../node_modules/expo-barcode-scanner/ios`)
  - EXCamera (from `../node_modules/expo-camera/ios`)
  - EXConstants (from `../node_modules/expo-constants/ios`)
  - EXErrorRecovery (from `../node_modules/expo-error-recovery/ios`)
  - EXFileSystem (from `../node_modules/expo-file-system/ios`)
  - EXFont (from `../node_modules/expo-font/ios`)
  - EXImageLoader (from `../node_modules/expo-image-loader/ios`)
  - EXKeepAwake (from `../node_modules/expo-keep-awake/ios`)
  - EXMailComposer (from `../node_modules/expo-mail-composer/ios`)
  - EXNetwork (from `../node_modules/expo-network/ios`)
  - Expo (from `../node_modules/expo/ios`)
  - ExpoModulesCore (from `../node_modules/expo-modules-core/ios`)
  - EXWebBrowser (from `../node_modules/expo-web-browser/ios`)
  - FBLazyVector (from `../node_modules/react-native/Libraries/FBLazyVector`)
  - FBReactNativeSpec (from `../node_modules/react-native/React/FBReactNativeSpec`)
  - glog (from `../node_modules/react-native/third-party-podspecs/glog.podspec`)
  - lottie-react-native (from `../node_modules/lottie-react-native`)
  - OpenSSL-Universal
  - Permission-BluetoothPeripheral (from `../node_modules/react-native-permissions/ios/BluetoothPeripheral`)
  - Permission-Camera (from `../node_modules/react-native-permissions/ios/Camera`)
  - Permission-Contacts (from `../node_modules/react-native-permissions/ios/Contacts`)
  - Permission-Microphone (from `../node_modules/react-native-permissions/ios/Microphone`)
  - Permission-Notifications (from `../node_modules/react-native-permissions/ios/Notifications`)
  - Permission-PhotoLibrary (from `../node_modules/react-native-permissions/ios/PhotoLibrary`)
  - RCT-Folly (from `../node_modules/react-native/third-party-podspecs/RCT-Folly.podspec`)
  - RCTRequired (from `../node_modules/react-native/Libraries/RCTRequired`)
  - RCTTypeSafety (from `../node_modules/react-native/Libraries/TypeSafety`)
  - React (from `../node_modules/react-native/`)
  - React-callinvoker (from `../node_modules/react-native/ReactCommon/callinvoker`)
  - React-Core (from `../node_modules/react-native/`)
  - React-Core/DevSupport (from `../node_modules/react-native/`)
  - React-Core/RCTWebSocket (from `../node_modules/react-native/`)
  - React-CoreModules (from `../node_modules/react-native/React/CoreModules`)
  - React-cxxreact (from `../node_modules/react-native/ReactCommon/cxxreact`)
  - React-jsi (from `../node_modules/react-native/ReactCommon/jsi`)
  - React-jsiexecutor (from `../node_modules/react-native/ReactCommon/jsiexecutor`)
  - React-jsinspector (from `../node_modules/react-native/ReactCommon/jsinspector`)
  - "react-native-blur (from `../node_modules/@react-native-community/blur`)"
  - "react-native-cameraroll (from `../node_modules/@react-native-community/cameraroll`)"
  - react-native-document-picker (from `../node_modules/react-native-document-picker`)
  - react-native-restart (from `../node_modules/react-native-restart`)
  - react-native-safe-area-context (from `../node_modules/react-native-safe-area-context`)
  - react-native-webview (from `../node_modules/react-native-webview`)
  - React-perflogger (from `../node_modules/react-native/ReactCommon/reactperflogger`)
  - React-RCTActionSheet (from `../node_modules/react-native/Libraries/ActionSheetIOS`)
  - React-RCTAnimation (from `../node_modules/react-native/Libraries/NativeAnimation`)
  - React-RCTBlob (from `../node_modules/react-native/Libraries/Blob`)
  - React-RCTImage (from `../node_modules/react-native/Libraries/Image`)
  - React-RCTLinking (from `../node_modules/react-native/Libraries/LinkingIOS`)
  - React-RCTNetwork (from `../node_modules/react-native/Libraries/Network`)
  - React-RCTSettings (from `../node_modules/react-native/Libraries/Settings`)
  - React-RCTText (from `../node_modules/react-native/Libraries/Text`)
  - React-RCTVibration (from `../node_modules/react-native/Libraries/Vibration`)
  - React-runtimeexecutor (from `../node_modules/react-native/ReactCommon/runtimeexecutor`)
  - ReactCommon/turbomodule/core (from `../node_modules/react-native/ReactCommon`)
  - "ReactNativeAudioToolkit (from `../node_modules/@react-native-community/audio-toolkit`)"
  - ReactNativeExceptionHandler (from `../node_modules/react-native-exception-handler`)
  - RNBootSplash (from `../node_modules/react-native-bootsplash`)
  - "RNCAsyncStorage (from `../node_modules/@react-native-async-storage/async-storage`)"
  - "RNCClipboard (from `../node_modules/@react-native-clipboard/clipboard`)"
  - "RNFlashList (from `../node_modules/@shopify/flash-list`)"
  - RNFS (from `../node_modules/react-native-fs`)
  - RNPermissions (from `../node_modules/react-native-permissions`)
  - RNScreens (from `../node_modules/react-native-screens`)
  - RNShare (from `../node_modules/react-native-share`)
  - RNSVG (from `../node_modules/react-native-svg`)
  - RNVectorIcons (from `../node_modules/react-native-vector-icons`)
  - Yoga (from `../node_modules/react-native/ReactCommon/yoga`)

SPEC REPOS:
  trunk:
    - boost-for-react-native
    - lottie-ios
    - OpenSSL-Universal
    - ZXingObjC

EXTERNAL SOURCES:
  DoubleConversion:
    :podspec: "../node_modules/react-native/third-party-podspecs/DoubleConversion.podspec"
  EXApplication:
    :path: "../node_modules/expo-application/ios"
  EXBarCodeScanner:
    :path: "../node_modules/expo-barcode-scanner/ios"
  EXCamera:
    :path: "../node_modules/expo-camera/ios"
  EXConstants:
    :path: "../node_modules/expo-constants/ios"
  EXErrorRecovery:
    :path: "../node_modules/expo-error-recovery/ios"
  EXFileSystem:
    :path: "../node_modules/expo-file-system/ios"
  EXFont:
    :path: "../node_modules/expo-font/ios"
  EXImageLoader:
    :path: "../node_modules/expo-image-loader/ios"
  EXKeepAwake:
    :path: "../node_modules/expo-keep-awake/ios"
  EXMailComposer:
    :path: "../node_modules/expo-mail-composer/ios"
  EXNetwork:
    :path: "../node_modules/expo-network/ios"
  Expo:
    :path: "../node_modules/expo/ios"
  ExpoModulesCore:
    :path: "../node_modules/expo-modules-core/ios"
  EXWebBrowser:
    :path: "../node_modules/expo-web-browser/ios"
  FBLazyVector:
    :path: "../node_modules/react-native/Libraries/FBLazyVector"
  FBReactNativeSpec:
    :path: "../node_modules/react-native/React/FBReactNativeSpec"
  glog:
    :podspec: "../node_modules/react-native/third-party-podspecs/glog.podspec"
  lottie-react-native:
    :path: "../node_modules/lottie-react-native"
  Permission-BluetoothPeripheral:
    :path: "../node_modules/react-native-permissions/ios/BluetoothPeripheral"
  Permission-Camera:
    :path: "../node_modules/react-native-permissions/ios/Camera"
  Permission-Contacts:
    :path: "../node_modules/react-native-permissions/ios/Contacts"
  Permission-Microphone:
    :path: "../node_modules/react-native-permissions/ios/Microphone"
  Permission-Notifications:
    :path: "../node_modules/react-native-permissions/ios/Notifications"
  Permission-PhotoLibrary:
    :path: "../node_modules/react-native-permissions/ios/PhotoLibrary"
  RCT-Folly:
    :podspec: "../node_modules/react-native/third-party-podspecs/RCT-Folly.podspec"
  RCTRequired:
    :path: "../node_modules/react-native/Libraries/RCTRequired"
  RCTTypeSafety:
    :path: "../node_modules/react-native/Libraries/TypeSafety"
  React:
    :path: "../node_modules/react-native/"
  React-callinvoker:
    :path: "../node_modules/react-native/ReactCommon/callinvoker"
  React-Core:
    :path: "../node_modules/react-native/"
  React-CoreModules:
    :path: "../node_modules/react-native/React/CoreModules"
  React-cxxreact:
    :path: "../node_modules/react-native/ReactCommon/cxxreact"
  React-jsi:
    :path: "../node_modules/react-native/ReactCommon/jsi"
  React-jsiexecutor:
    :path: "../node_modules/react-native/ReactCommon/jsiexecutor"
  React-jsinspector:
    :path: "../node_modules/react-native/ReactCommon/jsinspector"
  react-native-blur:
    :path: "../node_modules/@react-native-community/blur"
  react-native-cameraroll:
    :path: "../node_modules/@react-native-community/cameraroll"
  react-native-document-picker:
    :path: "../node_modules/react-native-document-picker"
  react-native-restart:
    :path: "../node_modules/react-native-restart"
  react-native-safe-area-context:
    :path: "../node_modules/react-native-safe-area-context"
  react-native-webview:
    :path: "../node_modules/react-native-webview"
  React-perflogger:
    :path: "../node_modules/react-native/ReactCommon/reactperflogger"
  React-RCTActionSheet:
    :path: "../node_modules/react-native/Libraries/ActionSheetIOS"
  React-RCTAnimation:
    :path: "../node_modules/react-native/Libraries/NativeAnimation"
  React-RCTBlob:
    :path: "../node_modules/react-native/Libraries/Blob"
  React-RCTImage:
    :path: "../node_modules/react-native/Libraries/Image"
  React-RCTLinking:
    :path: "../node_modules/react-native/Libraries/LinkingIOS"
  React-RCTNetwork:
    :path: "../node_modules/react-native/Libraries/Network"
  React-RCTSettings:
    :path: "../node_modules/react-native/Libraries/Settings"
  React-RCTText:
    :path: "../node_modules/react-native/Libraries/Text"
  React-RCTVibration:
    :path: "../node_modules/react-native/Libraries/Vibration"
  React-runtimeexecutor:
    :path: "../node_modules/react-native/ReactCommon/runtimeexecutor"
  ReactCommon:
    :path: "../node_modules/react-native/ReactCommon"
  ReactNativeAudioToolkit:
    :path: "../node_modules/@react-native-community/audio-toolkit"
  ReactNativeExceptionHandler:
    :path: "../node_modules/react-native-exception-handler"
  RNBootSplash:
    :path: "../node_modules/react-native-bootsplash"
  RNCAsyncStorage:
    :path: "../node_modules/@react-native-async-storage/async-storage"
  RNCClipboard:
    :path: "../node_modules/@react-native-clipboard/clipboard"
  RNFlashList:
    :path: "../node_modules/@shopify/flash-list"
  RNFS:
    :path: "../node_modules/react-native-fs"
  RNPermissions:
    :path: "../node_modules/react-native-permissions"
  RNScreens:
    :path: "../node_modules/react-native-screens"
  RNShare:
    :path: "../node_modules/react-native-share"
  RNSVG:
    :path: "../node_modules/react-native-svg"
  RNVectorIcons:
    :path: "../node_modules/react-native-vector-icons"
  Yoga:
    :path: "../node_modules/react-native/ReactCommon/yoga"

SPEC CHECKSUMS:
  boost-for-react-native: 39c7adb57c4e60d6c5479dd8623128eb5b3f0f2c
  DoubleConversion: cf9b38bf0b2d048436d9a82ad2abe1404f11e7de
  EXApplication: 79a9f809a864b0867882d5f21fcff91e83133f89
  EXBarCodeScanner: 75b7017b15d0971e1eb677cd21b2876c6253f119
  EXCamera: b3e038d0428bea9e72141cdbbf6c3540950fe519
  EXConstants: c6bb48e543ba0afb991110347388ecfba8741acc
  EXErrorRecovery: 847216229fe0d8ad8f3a70fc3b2189e78f964546
  EXFileSystem: 1f0cb813c7a63230dac7902473ec94eb249994fa
  EXFont: f04384fa0839b5520fa04ce6a683246c1949d22c
  EXImageLoader: 407ce663958485ad7709c3247bef5b0d6b35ac74
  EXKeepAwake: bd2ed188281cfafdfe501f4bb0035d3fc5f14462
  EXMailComposer: 857bd2052d378664b94c8aa0acdf883498eb2839
  EXNetwork: 7c45afb2b1dd69196c969bc7fa928924404bb626
  Expo: a63f37aef637af3dc97809aa24187c890ea61320
  ExpoModulesCore: 57b87c73ed456a5c035f2a19a4212be3350f477b
  EXWebBrowser: 6d83f144306cc18e9bf4353d0270c9d87f8735ed
  FBLazyVector: fa8275d5086566e22a26ddc385ab5772e7f9b1bd
  FBReactNativeSpec: ef21c027c390feb45d77ce27e044133056305245
  glog: 73c2498ac6884b13ede40eda8228cb1eee9d9d62
  lottie-ios: c058aeafa76daa4cf64d773554bccc8385d0150e
  lottie-react-native: 4c5cec3ecce88d28965d9ab4fab8601631e9d140
  OpenSSL-Universal: b60a3702c9fea8b3145549d421fdb018e53ab7b4
  Permission-BluetoothPeripheral: aa44bde6f52530eb00c0128ee2575b68fe8abdfe
  Permission-Camera: 78301f2241e8297a80089d2452adbef2add8fe56
  Permission-Contacts: b16f33e67b3546bf53d1bb29d996c1b1dcae7bb5
  Permission-Microphone: 00a6c7f0d9bd9b36c93e8975d6d8193e4c6ea4c0
  Permission-Notifications: e12588609e9cf7718be1a97c2fe7f867ed7ab527
  Permission-PhotoLibrary: d7f4a3afc8c2f4a3a571b59c33345551129ec234
  RCT-Folly: 1af344185a2506dec1e584dd5edaaa8fb6bcda5e
  RCTRequired: f85fa00af016059cf88b90b8f8ff9a6af9e4b6c3
  RCTTypeSafety: 5279aaf0fb1ad715cbbbbee32d5c98c72598bc9c
  React: ff4e89fbcb05461c9533fd4da3c0f44cda6ab618
  React-callinvoker: 4670ac7842699e4a39b19a08b4ede02573c1e5dd
  React-Core: 646881416f2e81f1fa053e61d197ed6d37e62f1e
  React-CoreModules: 8544ba0d319003b33707cdeed66e3122685d31a0
  React-cxxreact: b32702ed4ada0228abb7fbf57645fc9b4fbf5316
  React-jsi: a44a23ecfdceec047eec4ee25b146e5251737f3f
  React-jsiexecutor: e0195c77f5e0d89fae31590ddef33ff02b9a05c5
  React-jsinspector: d4f6973dd474357dbaaf6f52f31ffc713bf3e766
  react-native-blur: 31d3c608b337f9d15d356148e0d88549fbf5fdc7
  react-native-cameraroll: 1c66ad17d20250030cb27054fe7ef3a43ba879eb
  react-native-document-picker: a338165804b1a14c8e408448115dc0edfd7b73ca
  react-native-restart: f6f591aeb40194c41b9b5013901f00e6cf7d0f29
  react-native-safe-area-context: 667324e20fb3dd9c39c12d6036675ed90099bcd5
  react-native-webview: 9cded2a852e020d7c70993a952bbc43f94c1bf45
  React-perflogger: 5a890ca0911669421b7611661e9b58f91c805f5c
  React-RCTActionSheet: bd180e0879f8424a73650c5c28fbef4f3b5b27fb
  React-RCTAnimation: 1004d2b4be1f2cedfdc4cb2326adc95b989e6c6b
  React-RCTBlob: 55a984137d10e4c41071e8d39374336b48656e54
  React-RCTImage: fa346c899c2f7301eddc79860c37f836db185eb2
  React-RCTLinking: 7af1444a261610ff29a1afeab8c1cfcb5c3280a9
  React-RCTNetwork: fdaad596311091a2c48e0327b8431ba3e011a684
  React-RCTSettings: a7879d48e2951d107763f53e1db80be29f462ab7
  React-RCTText: d7e66b2600487f631531f77bb9d336e33c1187d9
  React-RCTVibration: 761849eea2a1abc99d5e4171bae17ab3da3143ac
  React-runtimeexecutor: 5b441857030bb6c3abaa7517f333cb01875ae499
  ReactCommon: 181cff525c118a9ac1bd7ae4d04f6eaeb0d9938c
  ReactNativeAudioToolkit: 1b4cddfc1cc4624c3db0a936d700fef298458f19
  ReactNativeExceptionHandler: a23922ca00122b050ae9412f960061791c232c47
  RNBootSplash: 9a762b440351c710d09a14898bc70342b433a6fe
  RNCAsyncStorage: 357676e1dc19095208c80d4271066c407cd02ed1
  RNCClipboard: 4b7f18b4d4d8ac6b26e9d61c59e93a880b346f6e
  RNFlashList: c2d217c8556793eeac13c6a6aa7a5d634dc8b070
  RNFS: 4f02bbb5c95d71bade3d36a1b6514305ccefc4c9
  RNPermissions: 1e3fb35b2ac79aaad28788302ead31ca8230d611
  RNScreens: 462e0a8d69f8926157c2c5f43dc39e0e6697d371
  RNShare: 25a1258d562ea8afde02b213bad9dab6255b4a56
  RNSVG: c1c40be8be96ff056ced81c302d356f1c490c8a0
  RNVectorIcons: 58e1f696a44687c64b0165d892b74e0843b5db4c
  Yoga: d1fc3575b8b68891ff5ef3c276daa855e841eb32
  ZXingObjC: fdbb269f25dd2032da343e06f10224d62f537bdb

PODFILE CHECKSUM: 22e1dcf9d3bbe193d3867b5829005dd08168e4f7

COCOAPODS: 1.15.2
