{
  "name": "@berty/template",
  "version": "0.0.1",
  "lockfileVersion": 1,
  "requires": true,
  "dependencies": {
    "case": {
      "version": "1.6.1",
      "resolved": "https://registry.npmjs.org/case/-/case-1.6.1.tgz",
      "integrity": "sha512-N0rDB5ftMDKANGsIBRWPWcG0VIKtirgqcXb2vKFi66ySAjXVEwbfCN7ass1mkdXO8fbol3RfbWlQ9KyBX2F/Gg=="
    }
  }
}
