{
	"name": "@berty/store",
	"version": "0.0.1",
	"lockfileVersion": 1,
	"requires": true,
	"dependencies": {
		"async-mutex": {
			"version": "0.1.3",
			"resolved": "https://registry.npmjs.org/async-mutex/-/async-mutex-0.1.3.tgz",
			"integrity": "sha1-Cq0hEjaXlas/F+M3RFVtLs9UdWY="
		},
		"mobx": {
			"version": "5.10.0",
			"resolved": "https://registry.npmjs.org/mobx/-/mobx-5.10.0.tgz",
			"integrity": "sha512-pYtQtxr80ugbj7xO4pmZRm1n0ZqG2Wo+ykr/03ZRG18Ib8dqUgpzso6aEJyu3fM7JurFmC1dOqmjeCHO8N+3Yg=="
		}
	}
}
