{
	"name": "@berty/store",
	"version": "0.0.1",
	"lockfileVersion": 1,
	"requires": true,
	"dependencies": {
		"await-mutex": {
			"version": "1.0.1",
			"resolved": "https://registry.npmjs.org/await-mutex/-/await-mutex-1.0.1.tgz",
			"integrity": "sha1-+z5xTYt0+CDPzuKfNhL04YlRhbE="
		},
		"mobx": {
			"version": "5.10.1",
			"resolved": "https://registry.npmjs.org/mobx/-/mobx-5.10.1.tgz",
			"integrity": "sha512-L+akEGxdkKYssejgW9ayRPx5cZYJfxvTmdBUeR3S9oeumScV7Jj57yPeh9WMEk6NWeG8Wx3H0cWhqs0pftbtmg=="
		}
	}
}
